
Microsoft Visual Studio Solution File, Format Version 12.00
# Visual Studio Version 16
VisualStudioVersion = 16.0.30517.126
MinimumVisualStudioVersion = 10.0.40219.1
Project("{FAE04EC0-301F-11D3-BF4B-00C04F79EFBC}") = "Multithreading", "Multithreading\Multithreading.csproj", "{809DF87B-C8A9-4746-931C-C4D1173617D9}"
EndProject
Global
	GlobalSection(SolutionConfigurationPlatforms) = preSolution
		Debug|Any CPU = Debug|Any CPU
		Release|Any CPU = Release|Any CPU
	EndGlobalSection
	GlobalSection(ProjectConfigurationPlatforms) = postSolution
		{809DF87B-C8A9-4746-931C-C4D1173617D9}.Debug|Any CPU.ActiveCfg = Debug|Any CPU
		{809DF87B-C8A9-4746-931C-C4D1173617D9}.Debug|Any CPU.Build.0 = Debug|Any CPU
		{809DF87B-C8A9-4746-931C-C4D1173617D9}.Release|Any CPU.ActiveCfg = Release|Any CPU
		{809DF87B-C8A9-4746-931C-C4D1173617D9}.Release|Any CPU.Build.0 = Release|Any CPU
	EndGlobalSection
	GlobalSection(SolutionProperties) = preSolution
		HideSolutionNode = FALSE
	EndGlobalSection
	GlobalSection(ExtensibilityGlobals) = postSolution
		SolutionGuid = {E62B1200-D8BA-44B9-B987-EE2CD9F7DBD1}
	EndGlobalSection
EndGlobal
